{
  "name": "mikrotik-orange-pi-manager",
  "version": "0.0.0",
  "lockfileVersion": 3,
  "requires": true,
  "packages": {
    "": {
      "name": "mikrotik-orange-pi-manager",
      "version": "0.0.0",
      "dependencies": {
        "@google/genai": "^1.15.0",
        "chart.js": "^4.5.0",
        "path": "^0.12.7",
        "react": "^19.2.0",
        "react-chartjs-2": "^5.3.0",
        "react-dom": "^19.2.0",
        "recharts": "^2.12.7",
        "url": "^0.11.4",
        "xterm": "5.3.0",
        "xterm-addon-fit": "0.8.0",
        "xterm-addon-web-links": "0.9.0"
      },
      "devDependencies": {
        "@types/node": "^22.14.0",
        "@vitejs/plugin-react": "^5.0.0",
        "typescript": "~5.8.2",
        "vite": "^6.2.0"
      }
    },
    "node_modules/@babel/code-frame": {
      "version": "7.24.7",
      "resolved": "https://registry.npmjs.org/@babel/code-frame/-/code-frame-7.24.7.tgz",
      "integrity": "sha512-BcYHIsb22mPveCrx52S3Y32W9uAVh3eQNTy3kbv27s0Ofy3aE5xS0fFlY152a5cK2kvwER0g/9H+k5g+D7DYOw==",
      "dev": true,
      "license": "MIT",
      "dependencies": {
        "@babel/helper-validator-identifier": "^7.24.7",
        "js-tokens": "^4.0.0",
        "picocolors": "^1.0.0"
      },
      "engines": {
        "node": ">=6.9.0"
      }
    },
    "node_modules/@babel/compat-data": {
      "version": "7.24.7",
      "resolved": "https://registry.npmjs.org/@babel/compat-data/-/compat-data-7.24.7.tgz",
      "integrity": "sha512-sC3FfIe8KKtj1L399Hrw7xYj2OFsGSWnJm0j2z9Ssln+3l4xQjAPDMN4sNPl/aI5cyyXw3fV4o2/tLgfYi3ZJw==",
      "dev": true,
      "license": "MIT",
      "engines": {
        "node": ">=6.9.0"
      }
    },
    "node_modules/@babel/core": {
      "version": "7.24.8",
      "resolved": "https://registry.npmjs.org/@babel/core/-/core-7.24.8.tgz",
      "integrity": "sha512-uT+33P5T/x02s6+1y3lnwTqF249yYQ3b4+t34Kkf48hM9Jk3Z1jEaO6B6/DkAd05o13qVfQ3lDIfjE4hA==",
      "dev": true,
      "license": "MIT",
      "dependencies": {
        "@babel/code-frame": "^7.24.7",
        "@babel/generator": "^7.24.8",
        "@babel/helper-compilation-targets": "^7.24.7",
        "@babel/helper-module-transforms": "^7.24.7",
        "@babel/helpers": "^7.24.7",
        "@babel/parser": "^7.24.8",
        "@babel/template": "^7.24.7",
        "@babel/traverse": "^7.24.8",
        "@babel/types": "^7.24.8",
        "@jridgewell/remapping": "^0.2.3",
        "convert-source-map": "^2.0.0",
        "debug": "^4.1.0",
        "gensync": "^1.0.0-beta.2",
        "json5": "^2.2.3",
        "semver": "^6.3.1"
      },
      "engines": {
        "node": ">=6.9.0"
      },
      "funding": {
        "type": "opencollective",
        "url": "https://opencollective.com/babel"
      }
    },
    "node_modules/@babel/generator": {
      "version": "7.24.8",
      "resolved": "https://registry.npmjs.org/@babel/generator/-/generator-7.24.8.tgz",
      "integrity": "sha512-UAdz/u2LhM73WUKsW0APtD93kC3dXPmUa7TlkU95Q/65m8BqAqkBW2hDXYP3yVCH/mUgm+y0QeH25rGv57I18g==",
      "dev": true,
      "license": "MIT",
      "dependencies": {
        "@babel/types": "^7.24.8",
        "@jridgewell/gen-mapping": "^0.3.5",
        "jsesc": "^2.5.1"
      },
      "engines": {
        "node": ">=6.9.0"
      }
    },
    "node_modules/@babel/helper-compilation-targets": {
      "version": "7.24.7",
      "resolved": "https://registry.npmjs.org/@babel/helper-compilation-targets/-/helper-compilation-targets-7.24.7.tgz",
      "integrity": "sha512-T33L3UUPC55jb4v2eD0wN53N4jP4zNfL2e11C3QgpBUb3QZGiXgS50b1PqF+wgXL/D+6d0/V3r4bVTFXcWTY+A==",
      "dev": true,
      "license": "MIT",
      "dependencies": {
        "@babel/compat-data": "^7.24.7",
        "@babel/helper-validator-option": "^7.24.7",
        "browserslist": "^4.23.0",
        "lru-cache": "^5.1.1",
        "semver": "^6.3.1"
      },
      "engines": {
        "node": ">=6.9.0"
      }
    },
    "node_modules/@babel/helper-module-imports": {
      "version": "7.24.7",
      "resolved": "https://registry.npmjs.org/@babel/helper-module-imports/-/helper-module-imports-7.24.7.tgz",
      "integrity": "sha512-w3RSL9L1y5Bu+Y2hB36xGl8+S5C2eQTuGzLpT0BwQ2lW082FrQ/mjea5u2w0l8dJ203b5443x5jTJG3dVTQ9Q==",
      "dev": true,
      "license": "MIT",
      "dependencies": {
        "@babel/traverse": "^7.24.7",
        "@babel/types": "^7.24.7"
      },
      "engines": {
        "node": ">=6.9.0"
      }
    },
    "node_modules/@babel/helper-module-transforms": {
      "version": "7.24.7",
      "resolved": "https://registry.npmjs.org/@babel/helper-module-transforms/-/helper-module-transforms-7.24.7.tgz",
      "integrity": "sha512-x1d0B2pS2rE14CjKq7Wvyj55G7eL/y3V3pCjKRt6Ea8gBCs/gWbIqOAdg+10WQE62dD8nndC4Q/0XbY+0Hk+4w==",
      "dev": true,
      "license": "MIT",
      "dependencies": {
        "@babel/helper-module-imports": "^7.24.7",
        "@babel/helper-validator-identifier": "^7.24.7",
        "@babel/traverse": "^7.24.7"
      },
      "engines": {
        "node": ">=6.9.0"
      },
      "peerDependencies": {
        "@babel/core": "^7.0.0"
      }
    },
    "node_modules/@babel/helper-plugin-utils": {
      "version": "7.24.7",
      "resolved": "https://registry.npmjs.org/@babel/helper-plugin-utils/-/helper-plugin-utils-7.24.7.tgz",
      "integrity": "sha512-8S42+Ab314y8cSFQn270e5M6dsE2lq/UUTd832Ki/QVRn8Tz5q368sE4KzNR3TAVTALtAzhVdty2p/15rJ2zVg==",
      "dev": true,
      "license": "MIT",
      "engines": {
        "node": ">=6.9.0"
      }
    },
    "node_modules/@babel/helper-string-parser": {
      "version": "7.24.7",
      "resolved": "https://registry.npmjs.org/@babel/helper-string-parser/-/helper-string-parser-7.24.7.tgz",
      "integrity": "sha512-b2C/S4T4z2p5gPzS+PkjJUB9Fp3KxI4tQWOT+uJb2uFWw10Kk9zMlwtdk4i38xT2c3mNQy5m3vIIa6bC53mCAg==",
      "dev": true,
      "license": "MIT",
      "engines": {
        "node": ">=6.9.0"
      }
    },
    "node_modules/@babel/helper-validator-identifier": {
      "version": "7.24.7",
      "resolved": "https://registry.npmjs.org/@babel/helper-validator-identifier/-/helper-validator-identifier-7.24.7.tgz",
      "integrity": "sha512-53jGbG64sPvwj1/p3LAD2c6PobgK9fMTr+eJ5U83E2e6B2p0v2asbV2sO6i0e3cRAvSkhS4m+14PzoR5l4HQQ==",
      "dev": true,
      "license": "MIT",
      "engines": {
        "node": ">=6.9.0"
      }
    },
    "node_modules/@babel/helper-validator-option": {
      "version": "7.24.7",
      "resolved": "https://registry.npmjs.org/@babel/helper-validator-option/-/helper-validator-option-7.24.7.tgz",
      "integrity": "sha512-oHUW1IeL/+0630mFAx5A/0Lz8/kI5yvYpLh0/fPCgSj3Y9d5j+rJ4CjwA78S7yN27p50c4+g9jpcA+y9qg==",
      "dev": true,
      "license": "MIT",
      "engines": {
        "node": ">=6.9.0"
      }
    },
    "node_modules/@babel/helpers": {
      "version": "7.24.7",
      "resolved": "https://registry.npmjs.org/@babel/helpers/-/helpers-7.24.7.tgz",
      "integrity": "sha512-Jb4U43/7s+1p3dqru/YjAB4o9MhFq0RNIrL9D/0jE9LAb4UauXfsoW9yvN/3p9lc2bGIx3v8yX7r+L/wLd2tpg==",
      "dev": true,
      "license": "MIT",
      "dependencies": {
        "@babel/template": "^7.24.7",
        "@babel/types": "^7.24.7"
      },
      "engines": {
        "node": ">=6.9.0"
      }
    },
    "node_modules/@babel/parser": {
      "version": "7.24.8",
      "resolved": "https://registry.npmjs.org/@babel/parser/-/parser-7.24.8.tgz",
      "integrity": "sha512-0u/yMXy2QII5T2x1rDAhG/yS2z437ZkP2x2u2UIgLw8aTj6KDG6f0F0+E2i7K8J5tNhrxUORfV4Y/1+i+o0iCg==",
      "dev": true,
      "license": "MIT",
      "dependencies": {
        "@babel/types": "^7.24.8"
      },
      "bin": {
        "parser": "bin/babel-parser.js"
      },
      "engines": {
        "node": ">=6.0.0"
      }
    },
    "node_modules/@babel/plugin-transform-react-jsx-self": {
      "version": "7.24.7",
      "resolved": "https://registry.npmjs.org/@babel/plugin-transform-react-jsx-self/-/plugin-transform-react-jsx-self-7.24.7.tgz",
      "integrity": "sha512-pU3G/Y+J+jUaD0eG8L8p/4q2UeW9iZf5Y7w2y/F0N234oTUGyLpUAsGf/fK65vWAV8mF+1LzVfNl8+D+Q==",
      "dev": true,
      "license": "MIT",
      "dependencies": {
        "@babel/helper-plugin-utils": "^7.24.7"
      },
      "engines": {
        "node": ">=6.9.0"
      },
      "peerDependencies": {
        "@babel/core": "^7.0.0-0"
      }
    },
    "node_modules/@babel/plugin-transform-react-jsx-source": {
      "version": "7.24.7",
      "resolved": "https://registry.npmjs.org/@babel/plugin-transform-react-jsx-source/-/plugin-transform-react-jsx-source-7.24.7.tgz",
      "integrity": "sha512-70UplfR8VqWExiQ2/ICw/T1yY3v+qSw2p3KIOjg50K450c0S/yB2fN0AJAoFmsLzD5utxX9mYJXDnJ8TzTj3JA==",
      "dev": true,
      "license": "MIT",
      "dependencies": {
        "@babel/helper-plugin-utils": "^7.24.7"
      },
      "engines": {
        "node": ">=6.9.0"
      },
      "peerDependencies": {
        "@babel/core": "^7.0.0-0"
      }
    },
    "node_modules/@babel/runtime": {
      "version": "7.24.8",
      "resolved": "https://registry.npmjs.org/@babel/runtime/-/runtime-7.24.8.tgz",
      "integrity": "sha512-iPL3uVpp52f5UT3UG0pNJsa9V2T22bEu2DpgAlC2y4Ud1591pS+3f4I05rqgQ9Q5d5c+47qYfhvG9Iobg84z+w==",
      "license": "MIT",
      "dependencies": {
        "regenerator-runtime": "^0.14.0"
      },
      "engines": {
        "node": ">=6.9.0"
      }
    },
    "node_modules/@babel/template": {
      "version": "7.24.7",
      "resolved": "https://registry.npmjs.org/@babel/template/-/template-7.24.7.tgz",
      "integrity": "sha512-8ksnJ7AR1+S610zF9z7SNJpB1tK2n2yU5iV7I12F35Vn83/6pWGOeB8yqCYNF7gBGHr71Ylgo6lXGHw==",
      "dev": true,
      "license": "MIT",
      "dependencies": {
        "@babel/code-frame": "^7.24.7",
        "@babel/parser": "^7.24.7",
        "@babel/types": "^7.24.7"
      },
      "engines": {
        "node": ">=6.9.0"
      }
    },
    "node_modules/@babel/traverse": {
      "version": "7.24.8",
      "resolved": "https://registry.npmjs.org/@babel/traverse/-/traverse-7.24.8.tgz",
      "integrity": "sha512-/6k0GUE3KpxPo672fmlnIAoCS3hA3IsIBSmHr2G2Crx06b53p/S2w1745d0S16/Jz1e52P1g226dPQcR3GDs3w==",
      "dev": true,
      "license": "MIT",
      "dependencies": {
        "@babel/code-frame": "^7.24.7",
        "@babel/generator": "^7.24.8",
        "@babel/helper-string-parser": "^7.24.7",
        "@babel/parser": "^7.24.8",
        "@babel/types": "^7.24.8",
        "debug": "^4.1.0",
        "globals": "^11.1.0"
      },
      "engines": {
        "node": ">=6.9.0"
      }
    },
    "node_modules/@babel/types": {
      "version": "7.24.8",
      "resolved": "https://registry.npmjs.org/@babel/types/-/types-7.24.8.tgz",
      "integrity": "sha512-QoAU0/YHAF4j4o8YkY41gIF2vSm2pRTw+E9jTHn1WML3D/P12wVlDAb30Jg1/y70643JRN5+wYx0oY6y6wVlMw==",
      "dev": true,
      "license": "MIT",
      "dependencies": {
        "@babel/helper-string-parser": "^7.24.7",
        "@babel/helper-validator-identifier": "^7.24.7"
      },
      "engines": {
        "node": ">=6.9.0"
      }
    },
    "node_modules/@google/genai": {
      "version": "1.15.0",
      "resolved": "https://registry.npmjs.org/@google/genai/-/genai-1.15.0.tgz",
      "integrity": "sha512-q+fC7QOQZ0oVlK+yvWv/o/V1/D6Y12G803c+1L5g1s9hK2Y2vY21d1bK808wYkXyD+j6pSj/g07hEA==",
      "license": "Apache-2.0",
      "dependencies": {
        "ws": "^8.18.0"
      },
      "engines": {
        "node": ">=20.0.0"
      },
      "peerDependencies": {
        "@types/node": "*"
      },
      "peerDependenciesMeta": {
        "@types/node": {
          "optional": true
        }
      }
    },
    "node_modules/@kurkle/color": {
      "version": "0.3.2",
      "resolved": "https://registry.npmjs.org/@kurkle/color/-/color-0.3.2.tgz",
      "integrity": "sha512-fuscdXJ9G1q7mLIb13tHUTwA6l7GpfVEgr3/pZ8M42km2g12Z2jVRlwQzSg9iN74S2S2sFOCSCi6m0s2jljp+g==",
      "license": "MIT"
    },
    "node_modules/@types/node": {
      "version": "20.14.10",
      "resolved": "https://registry.npmjs.org/@types/node/-/node-20.14.10.tgz",
      "integrity": "sha512-MdiXw+n/EwghV1fX11/2FFkS+522Y5+e1x0sEaP4b59x82y2YIeC520+j8wtnGjQ7mN/LoHYr26hRqaqQ==",
      "dev": true,
      "license": "MIT",
      "dependencies": {
        "undici-types": "~5.26.4"
      }
    },
    "node_modules/chart.js": {
      "version": "4.4.3",
      "resolved": "https://registry.npmjs.org/chart.js/-/chart.js-4.4.3.tgz",
      "integrity": "sha512-qK1gkGSRYcJzJTMl0dD3rgy62i02a3sVSPz13bC2ESySoN2QASEp4sL4uifMVPVOF/Kz793x0Hi2yppg94s3zQ==",
      "license": "MIT",
      "dependencies": {
        "@kurkle/color": "^0.3.2"
      },
      "engines": {
        "pnpm": ">=8"
      }
    },
    "node_modules/csstype": {
      "version": "3.1.3",
      "resolved": "https://registry.npmjs.org/csstype/-/csstype-3.1.3.tgz",
      "integrity": "sha512-M1uQkMl8rQK/szD0LNhtqxIPLpimGm8sOBwU7lLnCpSbTyY3yeU1Vc7l4KT5zT4s/yOxHH5O7tIuuLOCnLADRw==",
      "license": "MIT"
    },
    "node_modules/debug": {
      "version": "4.3.5",
      "resolved": "https://registry.npmjs.org/debug/-/debug-4.3.5.tgz",
      "integrity": "sha512-Y7fS/OTbQkckfgveTjDb0eI5+8QkLhRTce/822I3MLhpcrxChlOTfw0YJgGktS72wX0L+3+tPAWH2Xh7Q5Jeng==",
      "dev": true,
      "license": "MIT",
      "dependencies": {
        "ms": "2.1.2"
      },
      "engines": {
        "node": ">=6.0"
      },
      "peerDependenciesMeta": {
        "supports-color": {
          "optional": true
        }
      }
    },
    "node_modules/js-tokens": {
      "version": "4.0.0",
      "resolved": "https://registry.npmjs.org/js-tokens/-/js-tokens-4.0.0.tgz",
      "integrity": "sha512-RdJUflcE3cUzKiMqQgsCu06FPu9UdIJO0beYbPhHN4k6apgJtifcoCtT9bcxOpYBtpD2kCM6Sbzg4CausW/PKQ==",
      "dev": true,
      "license": "MIT"
    },
    "node_modules/jsesc": {
      "version": "2.5.2",
      "resolved": "https://registry.npmjs.org/jsesc/-/jsesc-2.5.2.tgz",
      "integrity": "sha512-OYu7XgjwjC5FKBpZaca3lbs8uScr4AnbAb10lLr7w+B3h13LADmZAf2QFB3AwJbfA5pFAss+iwZ09qD2fCj59A==",
      "dev": true,
      "license": "MIT",
      "bin": {
        "jsesc": "bin/jsesc"
      },
      "engines": {
        "node": ">=4"
      }
    },
    "node_modules/json5": {
      "version": "2.2.3",
      "resolved": "https://registry.npmjs.org/json5/-/json5-2.2.3.tgz",
      "integrity": "sha512-XmOWe7eyHYH14cLdVPoyg+GOH3rYX++KpzrylJwSW98t3Nk+U8XOl8FWKOgwtzdb8lXGf6zYwDUzeHMWfxasyg==",
      "dev": true,
      "license": "MIT",
      "bin": {
        "json5": "lib/cli.js"
      },
      "engines": {
        "node": ">=6"
      }
    },
    "node_modules/loose-envify": {
      "version": "1.4.0",
      "resolved": "https://registry.npmjs.org/loose-envify/-/loose-envify-1.4.0.tgz",
      "integrity": "sha512-lyuxPGr/Wfhrlem2CL/UcnUc1zcqKAImBDzukY7Y5F/yQiNdko6+fRLevlw1HgMySw7f611UIY408EtxRSoK3Q==",
      "license": "MIT",
      "dependencies": {
        "js-tokens": "^3.0.0 || ^4.0.0"
      },
      "bin": {
        "loose-envify": "cli.js"
      }
    },
    "node_modules/lru-cache": {
      "version": "5.1.1",
      "resolved": "https://registry.npmjs.org/lru-cache/-/lru-cache-5.1.1.tgz",
      "integrity": "sha512-KpNARQA3Iwv+jTA0utUVVbrh+Jlrr1Fv0e56GGzAFOXN7dk/FviaDW8LHmK52DlcH4WP2n6gI8vN1aesBFgo9w==",
      "dev": true,
      "license": "ISC",
      "dependencies": {
        "yallist": "^3.0.2"
      }
    },
    "node_modules/ms": {
      "version": "2.1.2",
      "resolved": "https://registry.npmjs.org/ms/-/ms-2.1.2.tgz",
      "integrity": "sha512-sGkPx+VjMtmA6MX27oA4FBFELFCZZ4S4XqeGOXCv68tT+AnmgMAkPXlitomKC44bNyqBisofer7rA/YD/igIOA==",
      "dev": true,
      "license": "MIT"
    },
    "node_modules/picocolors": {
      "version": "1.0.1",
      "resolved": "https://registry.npmjs.org/picocolors/-/picocolors-1.0.1.tgz",
      "integrity": "sha512-anSdj8Hcf7a2/zHCOr854iW3t3/u6VDk5YECwT6K2q1c8ylb6PQCQkJs40yIeT0Q2I4Z+4y3Y5D/uS42hyc5ng==",
      "dev": true,
      "license": "ISC"
    },
    "node_modules/prop-types": {
      "version": "15.8.1",
      "resolved": "https://registry.npmjs.org/prop-types/-/prop-types-15.8.1.tgz",
      "integrity": "sha512-oj87CgZICdulUohogVAR7AjlC0327U4el4L6eAvOqCeudMDVU0NThNaV+b9Df4dXgSP1gXMTnPdhfe/2qDH5cg==",
      "license": "MIT",
      "dependencies": {
        "loose-envify": "^1.4.0",
        "object-assign": "^4.1.1",
        "react-is": "^16.13.1"
      }
    },
    "node_modules/react-is": {
      "version": "16.13.1",
      "resolved": "https://registry.npmjs.org/react-is/-/react-is-16.13.1.tgz",
      "integrity": "sha512-24e6ynE2H+OKt4kqsOvNd8kBpV65zoxbA4BVsEOB3ARVWQki/DHzaUoC5KuON/BiccDaCCTZBuOcfZs70kR8bQ==",
      "license": "MIT"
    },
    "node_modules/regenerator-runtime": {
      "version": "0.14.1",
      "resolved": "https://registry.npmjs.org/regenerator-runtime/-/regenerator-runtime-0.14.1.tgz",
      "integrity": "sha512-dYnhHh0nJoMfnkZs6GmmhFknAGRrLznOu5nc9ML+EJxGvrx6H7teuevqVqCuPcPK//3eDrrjQhehXVx9cnkGdw==",
      "license": "MIT"
    },
    "node_modules/semver": {
      "version": "6.3.1",
      "resolved": "https://registry.npmjs.org/semver/-/semver-6.3.1.tgz",
      "integrity": "sha512-BR7VvDCVHO+q2xBEWskxS6DJE1qRnb7DxzUrogb71CWoSficBxYsiAGd+Kl0mmq/MprG9yArRkyrQxTO6XjMzA==",
      "dev": true,
      "license": "ISC",
      "bin": {
        "semver": "bin/semver.js"
      }
    },
    "node_modules/source-map-js": {
      "version": "1.2.0",
      "resolved": "https://registry.npmjs.org/source-map-js/-/source-map-js-1.2.0.tgz",
      "integrity": "sha512-itJW8lvSA0imCUNJZiBG369grQ2cQ3Gk6i67p3p38OF88v0GvQz6tJ3tGvh4K3n3rf621v3XQJ410z2z/r20g==",
      "dev": true,
      "license": "BSD-3-Clause",
      "engines": {
        "node": ">=0.10.0"
      }
    },
    "node_modules/typescript": {
      "version": "5.5.3",
      "resolved": "https://registry.npmjs.org/typescript/-/typescript-5.5.3.tgz",
      "integrity": "sha512-FnAztndbWTfL4WlQ5Qo2/7gU3T2D3EzT+eI7+55393eD+i8Da1JjwecK6a2wH1E3o1z6k3e22o3d2QhA==",
      "dev": true,
      "license": "Apache-2.0",
      "bin": {
        "tsc": "bin/tsc",
        "tsserver": "bin/tsserver"
      },
      "engines": {
        "node": ">=14.17"
      }
    },
    "node_modules/undici-types": {
      "version": "5.26.5",
      "resolved": "https://registry.npmjs.org/undici-types/-/undici-types-5.26.5.tgz",
      "integrity": "sha512-JlCMO+ehdEIKqlFxk6IfVoAUVmgz7cU7zD/h9XZ0qzeosSHmUJVOzSQvvYSYWXkFXC+IfLKSIffhv0sVZup6pA==",
      "dev": true,
      "license": "MIT"
    },
    "node_modules/yallist": {
      "version": "3.1.1",
      "resolved": "https://registry.npmjs.org/yallist/-/yallist-3.1.1.tgz",
      "integrity": "sha512-a4UGQaWPH59mOXUYnAG2ewncQS4i4F43Tv3JoAM+s2VDAmS9NsK8GpDMLrCHPksFT7h3K6TOoUNn2pb7RoXx4g==",
      "dev": true,
      "license": "ISC"
    }
  }
}
